
Microsoft Visual Studio Solution File, Format Version 12.00
# Visual Studio Version 16
VisualStudioVersion = 16.0.32002.261
MinimumVisualStudioVersion = 10.0.40219.1
Project("{FAE04EC0-301F-11D3-BF4B-00C04F79EFBC}") = "ActionFilters", "ActionFilters\ActionFilters.csproj", "{61DAAE34-A309-46B6-AEFD-EA6B646082E4}"
EndProject
Global
	GlobalSection(SolutionConfigurationPlatforms) = preSolution
		Debug|Any CPU = Debug|Any CPU
		Release|Any CPU = Release|Any CPU
	EndGlobalSection
	GlobalSection(ProjectConfigurationPlatforms) = postSolution
		{61DAAE34-A309-46B6-AEFD-EA6B646082E4}.Debug|Any CPU.ActiveCfg = Debug|Any CPU
		{61DAAE34-A309-46B6-AEFD-EA6B646082E4}.Debug|Any CPU.Build.0 = Debug|Any CPU
		{61DAAE34-A309-46B6-AEFD-EA6B646082E4}.Release|Any CPU.ActiveCfg = Release|Any CPU
		{61DAAE34-A309-46B6-AEFD-EA6B646082E4}.Release|Any CPU.Build.0 = Release|Any CPU
	EndGlobalSection
	GlobalSection(SolutionProperties) = preSolution
		HideSolutionNode = FALSE
	EndGlobalSection
	GlobalSection(ExtensibilityGlobals) = postSolution
		SolutionGuid = {589178C3-5F4D-498E-AD80-1165551EA25F}
	EndGlobalSection
EndGlobal
